PODS:
  - Alamofire (5.6.4)
  - Charts (4.1.0):
    - Charts/Core (= 4.1.0)
  - Charts/Core (4.1.0):
    - SwiftAlgorithms (~> 1.0)
  - Differentiator (5.0.0)
  - FSPagerView (0.8.3)
  - Google-Mobile-Ads-SDK (10.6.0):
    - GoogleAppMeasurement (< 11.0, >= 7.0)
    - GoogleUserMessagingPlatform (>= 1.1)
  - GoogleAppMeasurement (10.3.0):
    - GoogleAppMeasurement/AdIdSupport (= 10.3.0)
    - GoogleUtilities/AppDelegateSwizzler (~> 7.8)
    - GoogleUtilities/MethodSwizzler (~> 7.8)
    - GoogleUtilities/Network (~> 7.8)
    - "GoogleUtilities/NSData+zlib (~> 7.8)"
    - nanopb (< 2.30910.0, >= 2.30908.0)
  - GoogleAppMeasurement/AdIdSupport (10.3.0):
    - GoogleAppMeasurement/WithoutAdIdSupport (= 10.3.0)
    - GoogleUtilities/AppDelegateSwizzler (~> 7.8)
    - GoogleUtilities/MethodSwizzler (~> 7.8)
    - GoogleUtilities/Network (~> 7.8)
    - "GoogleUtilities/NSData+zlib (~> 7.8)"
    - nanopb (< 2.30910.0, >= 2.30908.0)
  - GoogleAppMeasurement/WithoutAdIdSupport (10.3.0):
    - GoogleUtilities/AppDelegateSwizzler (~> 7.8)
    - GoogleUtilities/MethodSwizzler (~> 7.8)
    - GoogleUtilities/Network (~> 7.8)
    - "GoogleUtilities/NSData+zlib (~> 7.8)"
    - nanopb (< 2.30910.0, >= 2.30908.0)
  - GoogleUserMessagingPlatform (2.0.1)
  - GoogleUtilities/AppDelegateSwizzler (7.11.0):
    - GoogleUtilities/Environment
    - GoogleUtilities/Logger
    - GoogleUtilities/Network
  - GoogleUtilities/Environment (7.11.0):
    - PromisesObjC (< 3.0, >= 1.2)
  - GoogleUtilities/Logger (7.11.0):
    - GoogleUtilities/Environment
  - GoogleUtilities/MethodSwizzler (7.11.0):
    - GoogleUtilities/Logger
  - GoogleUtilities/Network (7.11.0):
    - GoogleUtilities/Logger
    - "GoogleUtilities/NSData+zlib"
    - GoogleUtilities/Reachability
  - "GoogleUtilities/NSData+zlib (7.11.0)"
  - GoogleUtilities/Reachability (7.11.0):
    - GoogleUtilities/Logger
  - IQKeyboardManagerSwift (6.5.11)
  - nanopb (2.30909.0):
    - nanopb/decode (= 2.30909.0)
    - nanopb/encode (= 2.30909.0)
  - nanopb/decode (2.30909.0)
  - nanopb/encode (2.30909.0)
  - NVActivityIndicatorView (5.1.1):
    - NVActivityIndicatorView/Base (= 5.1.1)
  - NVActivityIndicatorView/Base (5.1.1)
  - PromisesObjC (2.1.1)
  - ReachabilitySwift (5.0.0)
  - RxCocoa (6.2.0):
    - RxRelay (= 6.2.0)
    - RxSwift (= 6.2.0)
  - RxDataSources (5.0.0):
    - Differentiator (~> 5.0)
    - RxCocoa (~> 6.0)
    - RxSwift (~> 6.0)
  - RxGesture (4.0.4):
    - RxCocoa (~> 6.0)
    - RxSwift (~> 6.0)
  - RxLocalizer (1.7.0):
    - RxCocoa (~> 6.2.0)
    - RxSwift (~> 6.2.0)
  - RxRelay (6.2.0):
    - RxSwift (= 6.2.0)
  - RxSwift (6.2.0)
  - SDWebImage (5.14.3):
    - SDWebImage/Core (= 5.14.3)
  - SDWebImage/Core (5.14.3)
  - SVProgressHUD (2.2.5)
  - SwiftAlgorithms (1.0.0)
  - SwiftMessages (9.0.6):
    - SwiftMessages/App (= 9.0.6)
  - SwiftMessages/App (9.0.6)
  - SwiftyJSON (5.0.1)
  - Toast-Swift (5.0.1)
  - ViewAnimator (3.1.0)
  - YouTubePlayer (0.7.2)

DEPENDENCIES:
  - Alamofire (= 5.6.4)
  - Charts
  - FSPagerView
  - Google-Mobile-Ads-SDK
  - IQKeyboardManagerSwift (= 6.5.11)
  - NVActivityIndicatorView (= 5.1.1)
  - ReachabilitySwift (= 5.0.0)
  - RxCocoa
  - RxDataSources
  - RxGesture
  - RxLocalizer
  - RxSwift
  - SDWebImage
  - SVProgressHUD (= 2.2.5)
  - SwiftMessages (= 9.0.6)
  - SwiftyJSON (= 5.0.1)
  - Toast-Swift (= 5.0.1)
  - ViewAnimator
  - YouTubePlayer

SPEC REPOS:
  trunk:
    - Alamofire
    - Charts
    - Differentiator
    - FSPagerView
    - Google-Mobile-Ads-SDK
    - GoogleAppMeasurement
    - GoogleUserMessagingPlatform
    - GoogleUtilities
    - IQKeyboardManagerSwift
    - nanopb
    - NVActivityIndicatorView
    - PromisesObjC
    - ReachabilitySwift
    - RxCocoa
    - RxDataSources
    - RxGesture
    - RxLocalizer
    - RxRelay
    - RxSwift
    - SDWebImage
    - SVProgressHUD
    - SwiftAlgorithms
    - SwiftMessages
    - SwiftyJSON
    - Toast-Swift
    - ViewAnimator
    - YouTubePlayer

SPEC CHECKSUMS:
  Alamofire: 4e95d97098eacb88856099c4fc79b526a299e48c
  Charts: 354f86803d11d9c35de280587fef50d1af063978
  Differentiator: e8497ceab83c1b10ca233716d547b9af21b9344d
  FSPagerView: 670405b2f18e2a87fa37f20b00de783e562c25a8
  Google-Mobile-Ads-SDK: 07599a44221fb3f00d111d5c2f4e27549f8dbf21
  GoogleAppMeasurement: c7d6fff39bf2d829587d74088d582e32d75133c3
  GoogleUserMessagingPlatform: 5f8b30daf181805317b6b985bb51c1ff3beca054
  GoogleUtilities: c2bdc4cf2ce786c4d2e6b3bcfd599a25ca78f06f
  IQKeyboardManagerSwift: c7955c0bdbf7b2eb29bb7daaa44e3d90f55a9a85
  nanopb: b552cce312b6c8484180ef47159bc0f65a1f0431
  NVActivityIndicatorView: 1f6c5687f1171810aa27a3296814dc2d7dec3667
  PromisesObjC: ab77feca74fa2823e7af4249b8326368e61014cb
  ReachabilitySwift: 985039c6f7b23a1da463388634119492ff86c825
  RxCocoa: 4baf94bb35f2c0ab31bc0cb9f1900155f646ba42
  RxDataSources: aa47cc1ed6c500fa0dfecac5c979b723542d79cf
  RxGesture: f3efb47ed2d26a8082f7b660d4a59970e275a7f8
  RxLocalizer: 25464fbd3011635be3a4cd1325ffaa894a8058c4
  RxRelay: e72dbfd157807478401ef1982e1c61c945c94b2f
  RxSwift: d356ab7bee873611322f134c5f9ef379fa183d8f
  SDWebImage: 9c36e66c8ce4620b41a7407698dda44211a96764
  SVProgressHUD: 1428aafac632c1f86f62aa4243ec12008d7a51d6
  SwiftAlgorithms: 38dda4731d19027fdeee1125f973111bf3386b53
  SwiftMessages: f0c7ef4705a570ad6c5e208b611f4333e660ed92
  SwiftyJSON: 2f33a42c6fbc52764d96f13368585094bfd8aa5e
  Toast-Swift: 9b6a70f28b3bf0b96c40d46c0c4b9d6639846711
  ViewAnimator: a9ceed80266e00fd435ec4fb99b2df64d580d0e4
  YouTubePlayer: 2b5f2830d8f9b2cde942083211291e382c9e6bd5

PODFILE CHECKSUM: deacfec43c4e750483e0e9a46fe78e47ba999f9d

COCOAPODS: 1.12.0
